PODS:
  - AsyncDisplayKit (1.9.7.1):
    - AsyncDisplayKit/PINRemoteImage (= 1.9.7.1)
  - AsyncDisplayKit/ASDealloc2MainObject (1.9.7.1)
  - AsyncDisplayKit/PINRemoteImage (1.9.7.1):
    - AsyncDisplayKit/ASDealloc2MainObject
    - PINRemoteImage/iOS (>= 2.1.2)
  - Firebase (2.5.1)
  - IQAudioRecorderController (1.1.0):
    - SCSiriWaveformView
  - JSQMessagesViewController (7.2.0):
    - JSQSystemSoundPlayer (~> 2.0.1)
  - JSQSystemSoundPlayer (2.0.1)
  - PINCache (2.2.2)
  - PINRemoteImage/Core (2.1.2):
    - PINCache (>= 2.1)
  - PINRemoteImage/iOS (2.1.2):
    - PINRemoteImage/Core
  - QuadratTouch (1.1.1)
  - SCSiriWaveformView (1.0.3)

DEPENDENCIES:
  - AsyncDisplayKit
  - Firebase
  - IQAudioRecorderController
  - JSQMessagesViewController
  - QuadratTouch

SPEC CHECKSUMS:
  AsyncDisplayKit: 2b52f841e384e7326d4f59323b1bf35d00696e17
  Firebase: 3565ea88b830f28f2c77ecc524622bc71a20d085
  IQAudioRecorderController: 3a39f09c589c420b0bad09297b8294af08089f5c
  JSQMessagesViewController: 73cab48aa92fc2d512f3b6724f3425cc47a19eb5
  JSQSystemSoundPlayer: c5850e77a4363ffd374cd851154b9af93264ed8d
  PINCache: 078426d356ab95ef875e9e62e5c35a2ea3333c28
  PINRemoteImage: 2ce3f1fcc52f0360a3821f91f1a1bc653c5d2338
  QuadratTouch: 296d83c63a4328f6f40af9fc728fe24f0e3b00d4
  SCSiriWaveformView: b8b2756af42addcd31900c3945f24edafefb5395

COCOAPODS: 0.39.0
