PODS:
  - Firebase (2.5.1)
  - IQAudioRecorderController (1.1.0):
    - SCSiriWaveformView
  - SCSiriWaveformView (1.0.3)

DEPENDENCIES:
  - Firebase
  - IQAudioRecorderController

SPEC CHECKSUMS:
  Firebase: 3565ea88b830f28f2c77ecc524622bc71a20d085
  IQAudioRecorderController: 3a39f09c589c420b0bad09297b8294af08089f5c
  SCSiriWaveformView: b8b2756af42addcd31900c3945f24edafefb5395

COCOAPODS: 0.39.0
