// !$*UTF8*$!
{
	archiveVersion = 1;
	classes = {
	};
	objectVersion = 46;
	objects = {

/* Begin PBXBuildFile section */
		21141B7977D28E67D62F6732 /* Pods_Computopias.framework in Frameworks */ = {isa = PBXBuildFile; fileRef = 73F1389C7F54711D4F1B4F21 /* Pods_Computopias.framework */; };
		5F2925DA1CB8FC9C0096B739 /* GroupEditor.swift in Sources */ = {isa = PBXBuildFile; fileRef = 5F2925D91CB8FC9C0096B739 /* GroupEditor.swift */; };
		5F29B49C1CB73E3F0060FFD7 /* CardNavigatorView.swift in Sources */ = {isa = PBXBuildFile; fileRef = 5F29B49A1CB73E3F0060FFD7 /* CardNavigatorView.swift */; };
		5F29B49D1CB73E3F0060FFD7 /* BlockButton.swift in Sources */ = {isa = PBXBuildFile; fileRef = 5F29B49B1CB73E3F0060FFD7 /* BlockButton.swift */; };
		5F29B4BB1CB73E830060FFD7 /* UIView+Elastic.m in Sources */ = {isa = PBXBuildFile; fileRef = 5F29B4A01CB73E830060FFD7 /* UIView+Elastic.m */; };
		5F29B4BC1CB73E830060FFD7 /* UIView+ElasticLayout.m in Sources */ = {isa = PBXBuildFile; fileRef = 5F29B4A21CB73E830060FFD7 /* UIView+ElasticLayout.m */; };
		5F29B4BD1CB73E830060FFD7 /* ElasticValue.m in Sources */ = {isa = PBXBuildFile; fileRef = 5F29B4A41CB73E830060FFD7 /* ElasticValue.m */; };
		5F29B4BE1CB73E830060FFD7 /* ElasticValueInput.m in Sources */ = {isa = PBXBuildFile; fileRef = 5F29B4A61CB73E830060FFD7 /* ElasticValueInput.m */; };
		5F29B4BF1CB73E830060FFD7 /* ElasticReuseQueue.m in Sources */ = {isa = PBXBuildFile; fileRef = 5F29B4A81CB73E830060FFD7 /* ElasticReuseQueue.m */; };
		5F29B4C01CB73E830060FFD7 /* ElasticRelativeLayout.m in Sources */ = {isa = PBXBuildFile; fileRef = 5F29B4AA1CB73E830060FFD7 /* ElasticRelativeLayout.m */; };
		5F29B4C11CB73E830060FFD7 /* UIGestureRecognizer+Elastic.m in Sources */ = {isa = PBXBuildFile; fileRef = 5F29B4AC1CB73E830060FFD7 /* UIGestureRecognizer+Elastic.m */; };
		5F29B4C21CB73E830060FFD7 /* EVInterpolation.m in Sources */ = {isa = PBXBuildFile; fileRef = 5F29B4AE1CB73E830060FFD7 /* EVInterpolation.m */; };
		5F29B4C31CB73E830060FFD7 /* EVCATransform3DInterpolation.m in Sources */ = {isa = PBXBuildFile; fileRef = 5F29B4B01CB73E830060FFD7 /* EVCATransform3DInterpolation.m */; };
		5F29B4C41CB73E830060FFD7 /* EVCommon.m in Sources */ = {isa = PBXBuildFile; fileRef = 5F29B4B21CB73E830060FFD7 /* EVCommon.m */; };
		5F29B4C51CB73E830060FFD7 /* EVScrollViewWrapper.m in Sources */ = {isa = PBXBuildFile; fileRef = 5F29B4B41CB73E830060FFD7 /* EVScrollViewWrapper.m */; };
		5F29B4C61CB73E830060FFD7 /* EVFakeData.m in Sources */ = {isa = PBXBuildFile; fileRef = 5F29B4B61CB73E830060FFD7 /* EVFakeData.m */; };
		5F29B4C71CB73E830060FFD7 /* EVMotionEffectObserver.m in Sources */ = {isa = PBXBuildFile; fileRef = 5F29B4B81CB73E830060FFD7 /* EVMotionEffectObserver.m */; };
		5F29B4C81CB73E830060FFD7 /* EVComplexLayout.m in Sources */ = {isa = PBXBuildFile; fileRef = 5F29B4BA1CB73E830060FFD7 /* EVComplexLayout.m */; };
		5F29B4CC1CB73FE60060FFD7 /* CardNavigatorViewController.swift in Sources */ = {isa = PBXBuildFile; fileRef = 5F29B4CB1CB73FE60060FFD7 /* CardNavigatorViewController.swift */; };
		5F508BFA1CB742ED005BF228 /* ActivityCardStack.swift in Sources */ = {isa = PBXBuildFile; fileRef = 5F508BF91CB742ED005BF228 /* ActivityCardStack.swift */; };
		5F508BFC1CB74303005BF228 /* CardStack.swift in Sources */ = {isa = PBXBuildFile; fileRef = 5F508BFB1CB74303005BF228 /* CardStack.swift */; };
		5F508BFE1CB743DC005BF228 /* ActivityFeedSource.swift in Sources */ = {isa = PBXBuildFile; fileRef = 5F508BFD1CB743DC005BF228 /* ActivityFeedSource.swift */; };
		5F508C021CB745D3005BF228 /* CardViewWrapper.swift in Sources */ = {isa = PBXBuildFile; fileRef = 5F508C011CB745D3005BF228 /* CardViewWrapper.swift */; };
		5F508C041CB74715005BF228 /* CardFeedStack.swift in Sources */ = {isa = PBXBuildFile; fileRef = 5F508C031CB74715005BF228 /* CardFeedStack.swift */; };
		5F508C061CB75F05005BF228 /* HashtagListView.swift in Sources */ = {isa = PBXBuildFile; fileRef = 5F508C051CB75F05005BF228 /* HashtagListView.swift */; };
		5F508C081CB7678E005BF228 /* HashtagCardStack.swift in Sources */ = {isa = PBXBuildFile; fileRef = 5F508C071CB7678E005BF228 /* HashtagCardStack.swift */; };
		5F508C0D1CB767FF005BF228 /* HashtagFeedSource.swift in Sources */ = {isa = PBXBuildFile; fileRef = 5F508C0C1CB767FF005BF228 /* HashtagFeedSource.swift */; };
		5F508C0F1CB8E786005BF228 /* FriendListViewController.swift in Sources */ = {isa = PBXBuildFile; fileRef = 5F508C0E1CB8E786005BF228 /* FriendListViewController.swift */; };
		5F508C111CB8E78E005BF228 /* FriendListDataSource.swift in Sources */ = {isa = PBXBuildFile; fileRef = 5F508C101CB8E78E005BF228 /* FriendListDataSource.swift */; };
		5F70981C1CA0EDF600B499BC /* AppDelegate.swift in Sources */ = {isa = PBXBuildFile; fileRef = 5F70981B1CA0EDF600B499BC /* AppDelegate.swift */; };
		5F7098211CA0EDF600B499BC /* Main.storyboard in Resources */ = {isa = PBXBuildFile; fileRef = 5F70981F1CA0EDF600B499BC /* Main.storyboard */; };
		5F7098231CA0EDF600B499BC /* Assets.xcassets in Resources */ = {isa = PBXBuildFile; fileRef = 5F7098221CA0EDF600B499BC /* Assets.xcassets */; };
		5F7098261CA0EDF600B499BC /* LaunchScreen.storyboard in Resources */ = {isa = PBXBuildFile; fileRef = 5F7098241CA0EDF600B499BC /* LaunchScreen.storyboard */; };
		5F70982E1CA0EEA600B499BC /* CardEditor.swift in Sources */ = {isa = PBXBuildFile; fileRef = 5F70982D1CA0EEA600B499BC /* CardEditor.swift */; };
		5F7098301CA0EEB000B499BC /* CardView.swift in Sources */ = {isa = PBXBuildFile; fileRef = 5F70982F1CA0EEB000B499BC /* CardView.swift */; };
		5F7098321CA0EEE200B499BC /* Data.swift in Sources */ = {isa = PBXBuildFile; fileRef = 5F7098311CA0EEE200B499BC /* Data.swift */; };
		5F7098361CA115E800B499BC /* CardItemView.swift in Sources */ = {isa = PBXBuildFile; fileRef = 5F7098351CA115E800B499BC /* CardItemView.swift */; };
		5F7098381CA1167500B499BC /* TextCardItemView.swift in Sources */ = {isa = PBXBuildFile; fileRef = 5F7098371CA1167500B499BC /* TextCardItemView.swift */; };
		5F70983C1CA11C5C00B499BC /* CGMath.swift in Sources */ = {isa = PBXBuildFile; fileRef = 5F70983B1CA11C5C00B499BC /* CGMath.swift */; };
		5FB2F24B1CA216B4001863C4 /* Assets.swift in Sources */ = {isa = PBXBuildFile; fileRef = 5FB2F24A1CA216B4001863C4 /* Assets.swift */; };
		5FB2F24D1CA21774001863C4 /* NetImageView.swift in Sources */ = {isa = PBXBuildFile; fileRef = 5FB2F24C1CA21774001863C4 /* NetImageView.swift */; };
		5FB2F24F1CA217A2001863C4 /* UIImage+Resize.swift in Sources */ = {isa = PBXBuildFile; fileRef = 5FB2F24E1CA217A2001863C4 /* UIImage+Resize.swift */; };
		5FB2F2511CA217CF001863C4 /* KeyboardAvoidance.swift in Sources */ = {isa = PBXBuildFile; fileRef = 5FB2F2501CA217CF001863C4 /* KeyboardAvoidance.swift */; };
		5FB2F2531CA2181C001863C4 /* ImageCardItemView.swift in Sources */ = {isa = PBXBuildFile; fileRef = 5FB2F2521CA2181C001863C4 /* ImageCardItemView.swift */; };
		5FB2F2551CA21847001863C4 /* NPSoftModalPresentationController.swift in Sources */ = {isa = PBXBuildFile; fileRef = 5FB2F2541CA21847001863C4 /* NPSoftModalPresentationController.swift */; };
		5FB2F2571CA2184E001863C4 /* UIColor+Hex.swift in Sources */ = {isa = PBXBuildFile; fileRef = 5FB2F2561CA2184E001863C4 /* UIColor+Hex.swift */; };
		5FB2F2591CA21E1C001863C4 /* String+Substring.swift in Sources */ = {isa = PBXBuildFile; fileRef = 5FB2F2581CA21E1C001863C4 /* String+Substring.swift */; };
		5FB2F25B1CA223C0001863C4 /* Appearance.swift in Sources */ = {isa = PBXBuildFile; fileRef = 5FB2F25A1CA223C0001863C4 /* Appearance.swift */; };
		5FB2F25F1CA242FD001863C4 /* CMWindow.m in Sources */ = {isa = PBXBuildFile; fileRef = 5FB2F25E1CA242FD001863C4 /* CMWindow.m */; };
		5FB2F2611CA254D7001863C4 /* ProfileCardItemView.swift in Sources */ = {isa = PBXBuildFile; fileRef = 5FB2F2601CA254D7001863C4 /* ProfileCardItemView.swift */; };
		5FB2F2631CA257D2001863C4 /* CounterCardItemView.swift in Sources */ = {isa = PBXBuildFile; fileRef = 5FB2F2621CA257D2001863C4 /* CounterCardItemView.swift */; };
		5FB2F2651CA2637E001863C4 /* LikeCounterCardItemView.swift in Sources */ = {isa = PBXBuildFile; fileRef = 5FB2F2641CA2637E001863C4 /* LikeCounterCardItemView.swift */; };
		5FB976BA1CAF292A00B92A16 /* Hashtags.swift in Sources */ = {isa = PBXBuildFile; fileRef = 5FB976B91CAF292A00B92A16 /* Hashtags.swift */; };
		5FB976BD1CB19CF400B92A16 /* UIBarButtonItem+BorderedButton.m in Sources */ = {isa = PBXBuildFile; fileRef = 5FB976BC1CB19CF400B92A16 /* UIBarButtonItem+BorderedButton.m */; };
		5FB976C21CB1C83100B92A16 /* Phony.m in Sources */ = {isa = PBXBuildFile; fileRef = 5FB976C11CB1C83100B92A16 /* Phony.m */; };
		5FB976C81CB24E3700B92A16 /* ResolvedCardItemView.swift in Sources */ = {isa = PBXBuildFile; fileRef = 5FB976C71CB24E3700B92A16 /* ResolvedCardItemView.swift */; };
		5FB976CA1CB30EFB00B92A16 /* DefaultProfile.json in Resources */ = {isa = PBXBuildFile; fileRef = 5FB976C91CB30EFB00B92A16 /* DefaultProfile.json */; };
		5FB976CC1CB42B6900B92A16 /* Flagging.swift in Sources */ = {isa = PBXBuildFile; fileRef = 5FB976CB1CB42B6900B92A16 /* Flagging.swift */; };
		5FB976CE1CB42F7400B92A16 /* CardView+Flag.swift in Sources */ = {isa = PBXBuildFile; fileRef = 5FB976CD1CB42F7400B92A16 /* CardView+Flag.swift */; };
		5FC84B7B1CA2795100E6F5F7 /* Route.swift in Sources */ = {isa = PBXBuildFile; fileRef = 5FC84B7A1CA2795100E6F5F7 /* Route.swift */; };
		5FC84B7D1CA27B0D00E6F5F7 /* ButtonCardItemView.swift in Sources */ = {isa = PBXBuildFile; fileRef = 5FC84B7C1CA27B0D00E6F5F7 /* ButtonCardItemView.swift */; };
		5FD360291CA319940016D837 /* MessageMeCardItemView.swift in Sources */ = {isa = PBXBuildFile; fileRef = 5FD360281CA319940016D837 /* MessageMeCardItemView.swift */; };
		5FD3602B1CA320930016D837 /* CountdownCardItemView.swift in Sources */ = {isa = PBXBuildFile; fileRef = 5FD3602A1CA320930016D837 /* CountdownCardItemView.swift */; };
		5FD3602D1CA331E60016D837 /* MapCardItemView.swift in Sources */ = {isa = PBXBuildFile; fileRef = 5FD3602C1CA331E60016D837 /* MapCardItemView.swift */; };
		5FD360311CA355700016D837 /* SoundCardItemView.swift in Sources */ = {isa = PBXBuildFile; fileRef = 5FD360301CA355700016D837 /* SoundCardItemView.swift */; };
		5FD360351CA3B5590016D837 /* GivePointsCardItemView.swift in Sources */ = {isa = PBXBuildFile; fileRef = 5FD360341CA3B5590016D837 /* GivePointsCardItemView.swift */; };
		5FD3603A1CA4D1490016D837 /* DrawingView.swift in Sources */ = {isa = PBXBuildFile; fileRef = 5FD360391CA4D1490016D837 /* DrawingView.swift */; };
		5FD3603C1CA4D5550016D837 /* DrawingCardItemView.swift in Sources */ = {isa = PBXBuildFile; fileRef = 5FD3603B1CA4D5550016D837 /* DrawingCardItemView.swift */; };
		5FD360401CA72BED0016D837 /* CommentsCardItemView.swift in Sources */ = {isa = PBXBuildFile; fileRef = 5FD3603F1CA72BED0016D837 /* CommentsCardItemView.swift */; };
		5FD360421CA8A5A80016D837 /* CommentsViewController.swift in Sources */ = {isa = PBXBuildFile; fileRef = 5FD360411CA8A5A80016D837 /* CommentsViewController.swift */; };
		5FD3604C1CAB7A850016D837 /* RandomContentCardItemView.swift in Sources */ = {isa = PBXBuildFile; fileRef = 5FD3604B1CAB7A850016D837 /* RandomContentCardItemView.swift */; };
		5FD3604E1CAB7A9A0016D837 /* FlipbookCardItemView.swift in Sources */ = {isa = PBXBuildFile; fileRef = 5FD3604D1CAB7A9A0016D837 /* FlipbookCardItemView.swift */; };
		5FD360501CABA1DB0016D837 /* NSAttributedStringExtensions.swift in Sources */ = {isa = PBXBuildFile; fileRef = 5FD3604F1CABA1DB0016D837 /* NSAttributedStringExtensions.swift */; };
		5FD360531CABB1690016D837 /* NSString+MD5.m in Sources */ = {isa = PBXBuildFile; fileRef = 5FD360521CABB1690016D837 /* NSString+MD5.m */; };
		5FD360551CAC6E670016D837 /* Users.swift in Sources */ = {isa = PBXBuildFile; fileRef = 5FD360541CAC6E670016D837 /* Users.swift */; };
		5FD360571CAC6EC40016D837 /* Following.swift in Sources */ = {isa = PBXBuildFile; fileRef = 5FD360561CAC6EC40016D837 /* Following.swift */; };
		5FD360591CAC70340016D837 /* Pusher.swift in Sources */ = {isa = PBXBuildFile; fileRef = 5FD360581CAC70340016D837 /* Pusher.swift */; };
		5FD3605B1CAC70BE0016D837 /* Pusher+Firebase.swift in Sources */ = {isa = PBXBuildFile; fileRef = 5FD3605A1CAC70BE0016D837 /* Pusher+Firebase.swift */; };
		5FD3605D1CAC72FD0016D837 /* Cards.swift in Sources */ = {isa = PBXBuildFile; fileRef = 5FD3605C1CAC72FD0016D837 /* Cards.swift */; };
		5FD360631CACECD50016D837 /* StarRatingCardItemView.swift in Sources */ = {isa = PBXBuildFile; fileRef = 5FD360621CACECD50016D837 /* StarRatingCardItemView.swift */; };
		5FD360651CACFD9E0016D837 /* ContactsSync.swift in Sources */ = {isa = PBXBuildFile; fileRef = 5FD360641CACFD9E0016D837 /* ContactsSync.swift */; };
		5FD360691CAE16250016D837 /* UICollectionView+UpdateRows.swift in Sources */ = {isa = PBXBuildFile; fileRef = 5FD360681CAE16250016D837 /* UICollectionView+UpdateRows.swift */; };
		5FD8FE541CA1BEB3006A7191 /* Queues.swift in Sources */ = {isa = PBXBuildFile; fileRef = 5FD8FE531CA1BEB3006A7191 /* Queues.swift */; };
/* End PBXBuildFile section */

/* Begin PBXFileReference section */
		5F2925D91CB8FC9C0096B739 /* GroupEditor.swift */ = {isa = PBXFileReference; fileEncoding = 4; lastKnownFileType = sourcecode.swift; path = GroupEditor.swift; sourceTree = "<group>"; };
		5F29B49A1CB73E3F0060FFD7 /* CardNavigatorView.swift */ = {isa = PBXFileReference; fileEncoding = 4; lastKnownFileType = sourcecode.swift; path = CardNavigatorView.swift; sourceTree = "<group>"; };
		5F29B49B1CB73E3F0060FFD7 /* BlockButton.swift */ = {isa = PBXFileReference; fileEncoding = 4; lastKnownFileType = sourcecode.swift; path = BlockButton.swift; sourceTree = "<group>"; };
		5F29B49F1CB73E830060FFD7 /* UIView+Elastic.h */ = {isa = PBXFileReference; fileEncoding = 4; lastKnownFileType = sourcecode.c.h; path = "UIView+Elastic.h"; sourceTree = "<group>"; };
		5F29B4A01CB73E830060FFD7 /* UIView+Elastic.m */ = {isa = PBXFileReference; fileEncoding = 4; lastKnownFileType = sourcecode.c.objc; path = "UIView+Elastic.m"; sourceTree = "<group>"; };
		5F29B4A11CB73E830060FFD7 /* UIView+ElasticLayout.h */ = {isa = PBXFileReference; fileEncoding = 4; lastKnownFileType = sourcecode.c.h; path = "UIView+ElasticLayout.h"; sourceTree = "<group>"; };
		5F29B4A21CB73E830060FFD7 /* UIView+ElasticLayout.m */ = {isa = PBXFileReference; fileEncoding = 4; lastKnownFileType = sourcecode.c.objc; path = "UIView+ElasticLayout.m"; sourceTree = "<group>"; };
		5F29B4A31CB73E830060FFD7 /* ElasticValue.h */ = {isa = PBXFileReference; fileEncoding = 4; lastKnownFileType = sourcecode.c.h; path = ElasticValue.h; sourceTree = "<group>"; };
		5F29B4A41CB73E830060FFD7 /* ElasticValue.m */ = {isa = PBXFileReference; fileEncoding = 4; lastKnownFileType = sourcecode.c.objc; path = ElasticValue.m; sourceTree = "<group>"; };
		5F29B4A51CB73E830060FFD7 /* ElasticValueInput.h */ = {isa = PBXFileReference; fileEncoding = 4; lastKnownFileType = sourcecode.c.h; path = ElasticValueInput.h; sourceTree = "<group>"; };
		5F29B4A61CB73E830060FFD7 /* ElasticValueInput.m */ = {isa = PBXFileReference; fileEncoding = 4; lastKnownFileType = sourcecode.c.objc; path = ElasticValueInput.m; sourceTree = "<group>"; };
		5F29B4A71CB73E830060FFD7 /* ElasticReuseQueue.h */ = {isa = PBXFileReference; fileEncoding = 4; lastKnownFileType = sourcecode.c.h; path = ElasticReuseQueue.h; sourceTree = "<group>"; };
		5F29B4A81CB73E830060FFD7 /* ElasticReuseQueue.m */ = {isa = PBXFileReference; fileEncoding = 4; lastKnownFileType = sourcecode.c.objc; path = ElasticReuseQueue.m; sourceTree = "<group>"; };
		5F29B4A91CB73E830060FFD7 /* ElasticRelativeLayout.h */ = {isa = PBXFileReference; fileEncoding = 4; lastKnownFileType = sourcecode.c.h; path = ElasticRelativeLayout.h; sourceTree = "<group>"; };
		5F29B4AA1CB73E830060FFD7 /* ElasticRelativeLayout.m */ = {isa = PBXFileReference; fileEncoding = 4; lastKnownFileType = sourcecode.c.objc; path = ElasticRelativeLayout.m; sourceTree = "<group>"; };
		5F29B4AB1CB73E830060FFD7 /* UIGestureRecognizer+Elastic.h */ = {isa = PBXFileReference; fileEncoding = 4; lastKnownFileType = sourcecode.c.h; path = "UIGestureRecognizer+Elastic.h"; sourceTree = "<group>"; };
		5F29B4AC1CB73E830060FFD7 /* UIGestureRecognizer+Elastic.m */ = {isa = PBXFileReference; fileEncoding = 4; lastKnownFileType = sourcecode.c.objc; path = "UIGestureRecognizer+Elastic.m"; sourceTree = "<group>"; };
		5F29B4AD1CB73E830060FFD7 /* EVInterpolation.h */ = {isa = PBXFileReference; fileEncoding = 4; lastKnownFileType = sourcecode.c.h; path = EVInterpolation.h; sourceTree = "<group>"; };
		5F29B4AE1CB73E830060FFD7 /* EVInterpolation.m */ = {isa = PBXFileReference; fileEncoding = 4; lastKnownFileType = sourcecode.c.objc; path = EVInterpolation.m; sourceTree = "<group>"; };
		5F29B4AF1CB73E830060FFD7 /* EVCATransform3DInterpolation.h */ = {isa = PBXFileReference; fileEncoding = 4; lastKnownFileType = sourcecode.c.h; path = EVCATransform3DInterpolation.h; sourceTree = "<group>"; };
		5F29B4B01CB73E830060FFD7 /* EVCATransform3DInterpolation.m */ = {isa = PBXFileReference; fileEncoding = 4; lastKnownFileType = sourcecode.c.objc; path = EVCATransform3DInterpolation.m; sourceTree = "<group>"; };
		5F29B4B11CB73E830060FFD7 /* EVCommon.h */ = {isa = PBXFileReference; fileEncoding = 4; lastKnownFileType = sourcecode.c.h; path = EVCommon.h; sourceTree = "<group>"; };
		5F29B4B21CB73E830060FFD7 /* EVCommon.m */ = {isa = PBXFileReference; fileEncoding = 4; lastKnownFileType = sourcecode.c.objc; path = EVCommon.m; sourceTree = "<group>"; };
		5F29B4B31CB73E830060FFD7 /* EVScrollViewWrapper.h */ = {isa = PBXFileReference; fileEncoding = 4; lastKnownFileType = sourcecode.c.h; path = EVScrollViewWrapper.h; sourceTree = "<group>"; };
		5F29B4B41CB73E830060FFD7 /* EVScrollViewWrapper.m */ = {isa = PBXFileReference; fileEncoding = 4; lastKnownFileType = sourcecode.c.objc; path = EVScrollViewWrapper.m; sourceTree = "<group>"; };
		5F29B4B51CB73E830060FFD7 /* EVFakeData.h */ = {isa = PBXFileReference; fileEncoding = 4; lastKnownFileType = sourcecode.c.h; path = EVFakeData.h; sourceTree = "<group>"; };
		5F29B4B61CB73E830060FFD7 /* EVFakeData.m */ = {isa = PBXFileReference; fileEncoding = 4; lastKnownFileType = sourcecode.c.objc; path = EVFakeData.m; sourceTree = "<group>"; };
		5F29B4B71CB73E830060FFD7 /* EVMotionEffectObserver.h */ = {isa = PBXFileReference; fileEncoding = 4; lastKnownFileType = sourcecode.c.h; path = EVMotionEffectObserver.h; sourceTree = "<group>"; };
		5F29B4B81CB73E830060FFD7 /* EVMotionEffectObserver.m */ = {isa = PBXFileReference; fileEncoding = 4; lastKnownFileType = sourcecode.c.objc; path = EVMotionEffectObserver.m; sourceTree = "<group>"; };
		5F29B4B91CB73E830060FFD7 /* EVComplexLayout.h */ = {isa = PBXFileReference; fileEncoding = 4; lastKnownFileType = sourcecode.c.h; path = EVComplexLayout.h; sourceTree = "<group>"; };
		5F29B4BA1CB73E830060FFD7 /* EVComplexLayout.m */ = {isa = PBXFileReference; fileEncoding = 4; lastKnownFileType = sourcecode.c.objc; path = EVComplexLayout.m; sourceTree = "<group>"; };
		5F29B4CA1CB73EAA0060FFD7 /* Elastic.h */ = {isa = PBXFileReference; lastKnownFileType = sourcecode.c.h; path = Elastic.h; sourceTree = "<group>"; };
		5F29B4CB1CB73FE60060FFD7 /* CardNavigatorViewController.swift */ = {isa = PBXFileReference; fileEncoding = 4; lastKnownFileType = sourcecode.swift; path = CardNavigatorViewController.swift; sourceTree = "<group>"; };
		5F508BF91CB742ED005BF228 /* ActivityCardStack.swift */ = {isa = PBXFileReference; fileEncoding = 4; lastKnownFileType = sourcecode.swift; path = ActivityCardStack.swift; sourceTree = "<group>"; };
		5F508BFB1CB74303005BF228 /* CardStack.swift */ = {isa = PBXFileReference; fileEncoding = 4; lastKnownFileType = sourcecode.swift; path = CardStack.swift; sourceTree = "<group>"; };
		5F508BFD1CB743DC005BF228 /* ActivityFeedSource.swift */ = {isa = PBXFileReference; fileEncoding = 4; lastKnownFileType = sourcecode.swift; path = ActivityFeedSource.swift; sourceTree = "<group>"; };
		5F508C011CB745D3005BF228 /* CardViewWrapper.swift */ = {isa = PBXFileReference; fileEncoding = 4; lastKnownFileType = sourcecode.swift; path = CardViewWrapper.swift; sourceTree = "<group>"; };
		5F508C031CB74715005BF228 /* CardFeedStack.swift */ = {isa = PBXFileReference; fileEncoding = 4; lastKnownFileType = sourcecode.swift; path = CardFeedStack.swift; sourceTree = "<group>"; };
		5F508C051CB75F05005BF228 /* HashtagListView.swift */ = {isa = PBXFileReference; fileEncoding = 4; lastKnownFileType = sourcecode.swift; path = HashtagListView.swift; sourceTree = "<group>"; };
		5F508C071CB7678E005BF228 /* HashtagCardStack.swift */ = {isa = PBXFileReference; fileEncoding = 4; lastKnownFileType = sourcecode.swift; path = HashtagCardStack.swift; sourceTree = "<group>"; };
		5F508C0C1CB767FF005BF228 /* HashtagFeedSource.swift */ = {isa = PBXFileReference; fileEncoding = 4; lastKnownFileType = sourcecode.swift; path = HashtagFeedSource.swift; sourceTree = "<group>"; };
		5F508C0E1CB8E786005BF228 /* FriendListViewController.swift */ = {isa = PBXFileReference; fileEncoding = 4; lastKnownFileType = sourcecode.swift; path = FriendListViewController.swift; sourceTree = "<group>"; };
		5F508C101CB8E78E005BF228 /* FriendListDataSource.swift */ = {isa = PBXFileReference; fileEncoding = 4; lastKnownFileType = sourcecode.swift; path = FriendListDataSource.swift; sourceTree = "<group>"; };
		5F7098181CA0EDF600B499BC /* Computopias.app */ = {isa = PBXFileReference; explicitFileType = wrapper.application; includeInIndex = 0; path = Computopias.app; sourceTree = BUILT_PRODUCTS_DIR; };
		5F70981B1CA0EDF600B499BC /* AppDelegate.swift */ = {isa = PBXFileReference; lastKnownFileType = sourcecode.swift; path = AppDelegate.swift; sourceTree = "<group>"; };
		5F7098201CA0EDF600B499BC /* Base */ = {isa = PBXFileReference; lastKnownFileType = file.storyboard; name = Base; path = Base.lproj/Main.storyboard; sourceTree = "<group>"; };
		5F7098221CA0EDF600B499BC /* Assets.xcassets */ = {isa = PBXFileReference; lastKnownFileType = folder.assetcatalog; path = Assets.xcassets; sourceTree = "<group>"; };
		5F7098251CA0EDF600B499BC /* Base */ = {isa = PBXFileReference; lastKnownFileType = file.storyboard; name = Base; path = Base.lproj/LaunchScreen.storyboard; sourceTree = "<group>"; };
		5F7098271CA0EDF600B499BC /* Info.plist */ = {isa = PBXFileReference; lastKnownFileType = text.plist.xml; path = Info.plist; sourceTree = "<group>"; };
		5F70982D1CA0EEA600B499BC /* CardEditor.swift */ = {isa = PBXFileReference; fileEncoding = 4; lastKnownFileType = sourcecode.swift; path = CardEditor.swift; sourceTree = "<group>"; };
		5F70982F1CA0EEB000B499BC /* CardView.swift */ = {isa = PBXFileReference; fileEncoding = 4; lastKnownFileType = sourcecode.swift; path = CardView.swift; sourceTree = "<group>"; };
		5F7098311CA0EEE200B499BC /* Data.swift */ = {isa = PBXFileReference; fileEncoding = 4; lastKnownFileType = sourcecode.swift; path = Data.swift; sourceTree = "<group>"; };
		5F7098351CA115E800B499BC /* CardItemView.swift */ = {isa = PBXFileReference; fileEncoding = 4; lastKnownFileType = sourcecode.swift; path = CardItemView.swift; sourceTree = "<group>"; };
		5F7098371CA1167500B499BC /* TextCardItemView.swift */ = {isa = PBXFileReference; fileEncoding = 4; lastKnownFileType = sourcecode.swift; path = TextCardItemView.swift; sourceTree = "<group>"; };
		5F70983B1CA11C5C00B499BC /* CGMath.swift */ = {isa = PBXFileReference; fileEncoding = 4; lastKnownFileType = sourcecode.swift; path = CGMath.swift; sourceTree = "<group>"; };
		5FB2F24A1CA216B4001863C4 /* Assets.swift */ = {isa = PBXFileReference; fileEncoding = 4; lastKnownFileType = sourcecode.swift; path = Assets.swift; sourceTree = "<group>"; };
		5FB2F24C1CA21774001863C4 /* NetImageView.swift */ = {isa = PBXFileReference; fileEncoding = 4; lastKnownFileType = sourcecode.swift; path = NetImageView.swift; sourceTree = "<group>"; };
		5FB2F24E1CA217A2001863C4 /* UIImage+Resize.swift */ = {isa = PBXFileReference; fileEncoding = 4; lastKnownFileType = sourcecode.swift; path = "UIImage+Resize.swift"; sourceTree = "<group>"; };
		5FB2F2501CA217CF001863C4 /* KeyboardAvoidance.swift */ = {isa = PBXFileReference; fileEncoding = 4; lastKnownFileType = sourcecode.swift; path = KeyboardAvoidance.swift; sourceTree = "<group>"; };
		5FB2F2521CA2181C001863C4 /* ImageCardItemView.swift */ = {isa = PBXFileReference; fileEncoding = 4; lastKnownFileType = sourcecode.swift; path = ImageCardItemView.swift; sourceTree = "<group>"; };
		5FB2F2541CA21847001863C4 /* NPSoftModalPresentationController.swift */ = {isa = PBXFileReference; fileEncoding = 4; lastKnownFileType = sourcecode.swift; path = NPSoftModalPresentationController.swift; sourceTree = "<group>"; };
		5FB2F2561CA2184E001863C4 /* UIColor+Hex.swift */ = {isa = PBXFileReference; fileEncoding = 4; lastKnownFileType = sourcecode.swift; path = "UIColor+Hex.swift"; sourceTree = "<group>"; };
		5FB2F2581CA21E1C001863C4 /* String+Substring.swift */ = {isa = PBXFileReference; fileEncoding = 4; lastKnownFileType = sourcecode.swift; path = "String+Substring.swift"; sourceTree = "<group>"; };
		5FB2F25A1CA223C0001863C4 /* Appearance.swift */ = {isa = PBXFileReference; fileEncoding = 4; lastKnownFileType = sourcecode.swift; path = Appearance.swift; sourceTree = "<group>"; };
		5FB2F25C1CA242FC001863C4 /* Computopias-Bridging-Header.h */ = {isa = PBXFileReference; lastKnownFileType = sourcecode.c.h; path = "Computopias-Bridging-Header.h"; sourceTree = "<group>"; };
		5FB2F25D1CA242FD001863C4 /* CMWindow.h */ = {isa = PBXFileReference; fileEncoding = 4; lastKnownFileType = sourcecode.c.h; path = CMWindow.h; sourceTree = "<group>"; };
		5FB2F25E1CA242FD001863C4 /* CMWindow.m */ = {isa = PBXFileReference; fileEncoding = 4; lastKnownFileType = sourcecode.c.objc; path = CMWindow.m; sourceTree = "<group>"; };
		5FB2F2601CA254D7001863C4 /* ProfileCardItemView.swift */ = {isa = PBXFileReference; fileEncoding = 4; lastKnownFileType = sourcecode.swift; path = ProfileCardItemView.swift; sourceTree = "<group>"; };
		5FB2F2621CA257D2001863C4 /* CounterCardItemView.swift */ = {isa = PBXFileReference; fileEncoding = 4; lastKnownFileType = sourcecode.swift; path = CounterCardItemView.swift; sourceTree = "<group>"; };
		5FB2F2641CA2637E001863C4 /* LikeCounterCardItemView.swift */ = {isa = PBXFileReference; fileEncoding = 4; lastKnownFileType = sourcecode.swift; path = LikeCounterCardItemView.swift; sourceTree = "<group>"; };
		5FB976B91CAF292A00B92A16 /* Hashtags.swift */ = {isa = PBXFileReference; fileEncoding = 4; lastKnownFileType = sourcecode.swift; path = Hashtags.swift; sourceTree = "<group>"; };
		5FB976BB1CB19CF400B92A16 /* UIBarButtonItem+BorderedButton.h */ = {isa = PBXFileReference; fileEncoding = 4; lastKnownFileType = sourcecode.c.h; path = "UIBarButtonItem+BorderedButton.h"; sourceTree = "<group>"; };
		5FB976BC1CB19CF400B92A16 /* UIBarButtonItem+BorderedButton.m */ = {isa = PBXFileReference; fileEncoding = 4; lastKnownFileType = sourcecode.c.objc; path = "UIBarButtonItem+BorderedButton.m"; sourceTree = "<group>"; };
		5FB976C01CB1C83100B92A16 /* Phony.h */ = {isa = PBXFileReference; fileEncoding = 4; lastKnownFileType = sourcecode.c.h; path = Phony.h; sourceTree = "<group>"; };
		5FB976C11CB1C83100B92A16 /* Phony.m */ = {isa = PBXFileReference; fileEncoding = 4; lastKnownFileType = sourcecode.c.objc; path = Phony.m; sourceTree = "<group>"; };
		5FB976C71CB24E3700B92A16 /* ResolvedCardItemView.swift */ = {isa = PBXFileReference; fileEncoding = 4; lastKnownFileType = sourcecode.swift; path = ResolvedCardItemView.swift; sourceTree = "<group>"; };
		5FB976C91CB30EFB00B92A16 /* DefaultProfile.json */ = {isa = PBXFileReference; fileEncoding = 4; lastKnownFileType = text.json; path = DefaultProfile.json; sourceTree = "<group>"; };
		5FB976CB1CB42B6900B92A16 /* Flagging.swift */ = {isa = PBXFileReference; fileEncoding = 4; lastKnownFileType = sourcecode.swift; path = Flagging.swift; sourceTree = "<group>"; };
		5FB976CD1CB42F7400B92A16 /* CardView+Flag.swift */ = {isa = PBXFileReference; fileEncoding = 4; lastKnownFileType = sourcecode.swift; path = "CardView+Flag.swift"; sourceTree = "<group>"; };
		5FC84B7A1CA2795100E6F5F7 /* Route.swift */ = {isa = PBXFileReference; fileEncoding = 4; lastKnownFileType = sourcecode.swift; path = Route.swift; sourceTree = "<group>"; };
		5FC84B7C1CA27B0D00E6F5F7 /* ButtonCardItemView.swift */ = {isa = PBXFileReference; fileEncoding = 4; lastKnownFileType = sourcecode.swift; path = ButtonCardItemView.swift; sourceTree = "<group>"; };
		5FD360281CA319940016D837 /* MessageMeCardItemView.swift */ = {isa = PBXFileReference; fileEncoding = 4; lastKnownFileType = sourcecode.swift; path = MessageMeCardItemView.swift; sourceTree = "<group>"; };
		5FD3602A1CA320930016D837 /* CountdownCardItemView.swift */ = {isa = PBXFileReference; fileEncoding = 4; lastKnownFileType = sourcecode.swift; path = CountdownCardItemView.swift; sourceTree = "<group>"; };
		5FD3602C1CA331E60016D837 /* MapCardItemView.swift */ = {isa = PBXFileReference; fileEncoding = 4; lastKnownFileType = sourcecode.swift; path = MapCardItemView.swift; sourceTree = "<group>"; };
		5FD360301CA355700016D837 /* SoundCardItemView.swift */ = {isa = PBXFileReference; fileEncoding = 4; lastKnownFileType = sourcecode.swift; path = SoundCardItemView.swift; sourceTree = "<group>"; };
		5FD360341CA3B5590016D837 /* GivePointsCardItemView.swift */ = {isa = PBXFileReference; fileEncoding = 4; lastKnownFileType = sourcecode.swift; path = GivePointsCardItemView.swift; sourceTree = "<group>"; };
		5FD360391CA4D1490016D837 /* DrawingView.swift */ = {isa = PBXFileReference; fileEncoding = 4; lastKnownFileType = sourcecode.swift; path = DrawingView.swift; sourceTree = "<group>"; };
		5FD3603B1CA4D5550016D837 /* DrawingCardItemView.swift */ = {isa = PBXFileReference; fileEncoding = 4; lastKnownFileType = sourcecode.swift; path = DrawingCardItemView.swift; sourceTree = "<group>"; };
		5FD3603F1CA72BED0016D837 /* CommentsCardItemView.swift */ = {isa = PBXFileReference; fileEncoding = 4; lastKnownFileType = sourcecode.swift; path = CommentsCardItemView.swift; sourceTree = "<group>"; };
		5FD360411CA8A5A80016D837 /* CommentsViewController.swift */ = {isa = PBXFileReference; fileEncoding = 4; lastKnownFileType = sourcecode.swift; path = CommentsViewController.swift; sourceTree = "<group>"; };
		5FD3604B1CAB7A850016D837 /* RandomContentCardItemView.swift */ = {isa = PBXFileReference; fileEncoding = 4; lastKnownFileType = sourcecode.swift; path = RandomContentCardItemView.swift; sourceTree = "<group>"; };
		5FD3604D1CAB7A9A0016D837 /* FlipbookCardItemView.swift */ = {isa = PBXFileReference; fileEncoding = 4; lastKnownFileType = sourcecode.swift; path = FlipbookCardItemView.swift; sourceTree = "<group>"; };
		5FD3604F1CABA1DB0016D837 /* NSAttributedStringExtensions.swift */ = {isa = PBXFileReference; fileEncoding = 4; lastKnownFileType = sourcecode.swift; path = NSAttributedStringExtensions.swift; sourceTree = "<group>"; };
		5FD360511CABB1690016D837 /* NSString+MD5.h */ = {isa = PBXFileReference; fileEncoding = 4; lastKnownFileType = sourcecode.c.h; path = "NSString+MD5.h"; sourceTree = "<group>"; };
		5FD360521CABB1690016D837 /* NSString+MD5.m */ = {isa = PBXFileReference; fileEncoding = 4; lastKnownFileType = sourcecode.c.objc; path = "NSString+MD5.m"; sourceTree = "<group>"; };
		5FD360541CAC6E670016D837 /* Users.swift */ = {isa = PBXFileReference; fileEncoding = 4; lastKnownFileType = sourcecode.swift; path = Users.swift; sourceTree = "<group>"; };
		5FD360561CAC6EC40016D837 /* Following.swift */ = {isa = PBXFileReference; fileEncoding = 4; lastKnownFileType = sourcecode.swift; path = Following.swift; sourceTree = "<group>"; };
		5FD360581CAC70340016D837 /* Pusher.swift */ = {isa = PBXFileReference; fileEncoding = 4; lastKnownFileType = sourcecode.swift; path = Pusher.swift; sourceTree = "<group>"; };
		5FD3605A1CAC70BE0016D837 /* Pusher+Firebase.swift */ = {isa = PBXFileReference; fileEncoding = 4; lastKnownFileType = sourcecode.swift; path = "Pusher+Firebase.swift"; sourceTree = "<group>"; };
		5FD3605C1CAC72FD0016D837 /* Cards.swift */ = {isa = PBXFileReference; fileEncoding = 4; lastKnownFileType = sourcecode.swift; path = Cards.swift; sourceTree = "<group>"; };
		5FD360621CACECD50016D837 /* StarRatingCardItemView.swift */ = {isa = PBXFileReference; fileEncoding = 4; lastKnownFileType = sourcecode.swift; path = StarRatingCardItemView.swift; sourceTree = "<group>"; };
		5FD360641CACFD9E0016D837 /* ContactsSync.swift */ = {isa = PBXFileReference; fileEncoding = 4; lastKnownFileType = sourcecode.swift; path = ContactsSync.swift; sourceTree = "<group>"; };
		5FD360681CAE16250016D837 /* UICollectionView+UpdateRows.swift */ = {isa = PBXFileReference; fileEncoding = 4; lastKnownFileType = sourcecode.swift; path = "UICollectionView+UpdateRows.swift"; sourceTree = "<group>"; };
		5FD8FE531CA1BEB3006A7191 /* Queues.swift */ = {isa = PBXFileReference; fileEncoding = 4; lastKnownFileType = sourcecode.swift; path = Queues.swift; sourceTree = "<group>"; };
		73F1389C7F54711D4F1B4F21 /* Pods_Computopias.framework */ = {isa = PBXFileReference; explicitFileType = wrapper.framework; includeInIndex = 0; path = Pods_Computopias.framework; sourceTree = BUILT_PRODUCTS_DIR; };
		7DB81142E41C3E331744B4FE /* Pods-Computopias.debug.xcconfig */ = {isa = PBXFileReference; includeInIndex = 1; lastKnownFileType = text.xcconfig; name = "Pods-Computopias.debug.xcconfig"; path = "Pods/Target Support Files/Pods-Computopias/Pods-Computopias.debug.xcconfig"; sourceTree = "<group>"; };
		B11492F87339131CB8E639D5 /* Pods-Computopias.release.xcconfig */ = {isa = PBXFileReference; includeInIndex = 1; lastKnownFileType = text.xcconfig; name = "Pods-Computopias.release.xcconfig"; path = "Pods/Target Support Files/Pods-Computopias/Pods-Computopias.release.xcconfig"; sourceTree = "<group>"; };
/* End PBXFileReference section */

/* Begin PBXFrameworksBuildPhase section */
		5F7098151CA0EDF600B499BC /* Frameworks */ = {
			isa = PBXFrameworksBuildPhase;
			buildActionMask = 2147483647;
			files = (
				21141B7977D28E67D62F6732 /* Pods_Computopias.framework in Frameworks */,
			);
			runOnlyForDeploymentPostprocessing = 0;
		};
/* End PBXFrameworksBuildPhase section */

/* Begin PBXGroup section */
		2798F290011C8A5BD6EB2DC3 /* Frameworks */ = {
			isa = PBXGroup;
			children = (
				73F1389C7F54711D4F1B4F21 /* Pods_Computopias.framework */,
			);
			name = Frameworks;
			sourceTree = "<group>";
		};
		5F29B49E1CB73E420060FFD7 /* Cards */ = {
			isa = PBXGroup;
			children = (
				5F29B4CB1CB73FE60060FFD7 /* CardNavigatorViewController.swift */,
				5F29B49A1CB73E3F0060FFD7 /* CardNavigatorView.swift */,
				5F508C091CB76796005BF228 /* Stacks */,
				5F508C0B1CB767A4005BF228 /* Sources */,
				5F508C0A1CB7679C005BF228 /* Views */,
			);
			name = Cards;
			sourceTree = "<group>";
		};
		5F29B4C91CB73E8A0060FFD7 /* Elastic */ = {
			isa = PBXGroup;
			children = (
				5F29B49F1CB73E830060FFD7 /* UIView+Elastic.h */,
				5F29B4A01CB73E830060FFD7 /* UIView+Elastic.m */,
				5F29B4A11CB73E830060FFD7 /* UIView+ElasticLayout.h */,
				5F29B4A21CB73E830060FFD7 /* UIView+ElasticLayout.m */,
				5F29B4A31CB73E830060FFD7 /* ElasticValue.h */,
				5F29B4A41CB73E830060FFD7 /* ElasticValue.m */,
				5F29B4A51CB73E830060FFD7 /* ElasticValueInput.h */,
				5F29B4A61CB73E830060FFD7 /* ElasticValueInput.m */,
				5F29B4A71CB73E830060FFD7 /* ElasticReuseQueue.h */,
				5F29B4A81CB73E830060FFD7 /* ElasticReuseQueue.m */,
				5F29B4A91CB73E830060FFD7 /* ElasticRelativeLayout.h */,
				5F29B4AA1CB73E830060FFD7 /* ElasticRelativeLayout.m */,
				5F29B4AB1CB73E830060FFD7 /* UIGestureRecognizer+Elastic.h */,
				5F29B4AC1CB73E830060FFD7 /* UIGestureRecognizer+Elastic.m */,
				5F29B4AD1CB73E830060FFD7 /* EVInterpolation.h */,
				5F29B4AE1CB73E830060FFD7 /* EVInterpolation.m */,
				5F29B4AF1CB73E830060FFD7 /* EVCATransform3DInterpolation.h */,
				5F29B4B01CB73E830060FFD7 /* EVCATransform3DInterpolation.m */,
				5F29B4B11CB73E830060FFD7 /* EVCommon.h */,
				5F29B4B21CB73E830060FFD7 /* EVCommon.m */,
				5F29B4B31CB73E830060FFD7 /* EVScrollViewWrapper.h */,
				5F29B4B41CB73E830060FFD7 /* EVScrollViewWrapper.m */,
				5F29B4B51CB73E830060FFD7 /* EVFakeData.h */,
				5F29B4B61CB73E830060FFD7 /* EVFakeData.m */,
				5F29B4B71CB73E830060FFD7 /* EVMotionEffectObserver.h */,
				5F29B4B81CB73E830060FFD7 /* EVMotionEffectObserver.m */,
				5F29B4B91CB73E830060FFD7 /* EVComplexLayout.h */,
				5F29B4BA1CB73E830060FFD7 /* EVComplexLayout.m */,
				5F29B49B1CB73E3F0060FFD7 /* BlockButton.swift */,
				5F29B4CA1CB73EAA0060FFD7 /* Elastic.h */,
			);
			name = Elastic;
			sourceTree = "<group>";
		};
		5F508C091CB76796005BF228 /* Stacks */ = {
			isa = PBXGroup;
			children = (
				5F508BFB1CB74303005BF228 /* CardStack.swift */,
				5F508C031CB74715005BF228 /* CardFeedStack.swift */,
				5F508BF91CB742ED005BF228 /* ActivityCardStack.swift */,
				5F508C071CB7678E005BF228 /* HashtagCardStack.swift */,
			);
			name = Stacks;
			sourceTree = "<group>";
		};
		5F508C0A1CB7679C005BF228 /* Views */ = {
			isa = PBXGroup;
			children = (
				5F508C011CB745D3005BF228 /* CardViewWrapper.swift */,
				5F508C051CB75F05005BF228 /* HashtagListView.swift */,
			);
			name = Views;
			sourceTree = "<group>";
		};
		5F508C0B1CB767A4005BF228 /* Sources */ = {
			isa = PBXGroup;
			children = (
				5F508BFD1CB743DC005BF228 /* ActivityFeedSource.swift */,
				5F508C0C1CB767FF005BF228 /* HashtagFeedSource.swift */,
			);
			name = Sources;
			sourceTree = "<group>";
		};
		5F70980F1CA0EDF600B499BC = {
			isa = PBXGroup;
			children = (
				5F70981A1CA0EDF600B499BC /* Computopias */,
				5F7098191CA0EDF600B499BC /* Products */,
				F826A03134E2FA1475D7E722 /* Pods */,
				2798F290011C8A5BD6EB2DC3 /* Frameworks */,
			);
			sourceTree = "<group>";
		};
		5F7098191CA0EDF600B499BC /* Products */ = {
			isa = PBXGroup;
			children = (
				5F7098181CA0EDF600B499BC /* Computopias.app */,
			);
			name = Products;
			sourceTree = "<group>";
		};
		5F70981A1CA0EDF600B499BC /* Computopias */ = {
			isa = PBXGroup;
			children = (
				5F70981B1CA0EDF600B499BC /* AppDelegate.swift */,
				5F7098311CA0EEE200B499BC /* Data.swift */,
				5FD360541CAC6E670016D837 /* Users.swift */,
				5FD3605C1CAC72FD0016D837 /* Cards.swift */,
				5FD360561CAC6EC40016D837 /* Following.swift */,
				5FD360641CACFD9E0016D837 /* ContactsSync.swift */,
				5FB976B91CAF292A00B92A16 /* Hashtags.swift */,
				5FB976CB1CB42B6900B92A16 /* Flagging.swift */,
				5F508C0E1CB8E786005BF228 /* FriendListViewController.swift */,
				5F508C101CB8E78E005BF228 /* FriendListDataSource.swift */,
				5F29B49E1CB73E420060FFD7 /* Cards */,
				5FB2F2451CA20FB8001863C4 /* Screens */,
				5FB2F2461CA20FC4001863C4 /* Card Items */,
				5FB2F2471CA20FCB001863C4 /* Utils */,
				5F70981F1CA0EDF600B499BC /* Main.storyboard */,
				5F7098221CA0EDF600B499BC /* Assets.xcassets */,
				5F7098241CA0EDF600B499BC /* LaunchScreen.storyboard */,
				5FB976C91CB30EFB00B92A16 /* DefaultProfile.json */,
				5F7098271CA0EDF600B499BC /* Info.plist */,
				5FB2F25C1CA242FC001863C4 /* Computopias-Bridging-Header.h */,
			);
			path = Computopias;
			sourceTree = "<group>";
		};
		5FB2F2451CA20FB8001863C4 /* Screens */ = {
			isa = PBXGroup;
			children = (
				5F70982D1CA0EEA600B499BC /* CardEditor.swift */,
				5F2925D91CB8FC9C0096B739 /* GroupEditor.swift */,
			);
			name = Screens;
			sourceTree = "<group>";
		};
		5FB2F2461CA20FC4001863C4 /* Card Items */ = {
			isa = PBXGroup;
			children = (
				5F70982F1CA0EEB000B499BC /* CardView.swift */,
				5FB976CD1CB42F7400B92A16 /* CardView+Flag.swift */,
				5F7098351CA115E800B499BC /* CardItemView.swift */,
				5F7098371CA1167500B499BC /* TextCardItemView.swift */,
				5FB2F2521CA2181C001863C4 /* ImageCardItemView.swift */,
				5FB2F2601CA254D7001863C4 /* ProfileCardItemView.swift */,
				5FB2F2621CA257D2001863C4 /* CounterCardItemView.swift */,
				5FB2F2641CA2637E001863C4 /* LikeCounterCardItemView.swift */,
				5FC84B7C1CA27B0D00E6F5F7 /* ButtonCardItemView.swift */,
				5FD360341CA3B5590016D837 /* GivePointsCardItemView.swift */,
				5FD360281CA319940016D837 /* MessageMeCardItemView.swift */,
				5FD3602A1CA320930016D837 /* CountdownCardItemView.swift */,
				5FD3602C1CA331E60016D837 /* MapCardItemView.swift */,
				5FD360301CA355700016D837 /* SoundCardItemView.swift */,
				5FD3603B1CA4D5550016D837 /* DrawingCardItemView.swift */,
				5FD3603F1CA72BED0016D837 /* CommentsCardItemView.swift */,
				5FD360621CACECD50016D837 /* StarRatingCardItemView.swift */,
				5FD3604B1CAB7A850016D837 /* RandomContentCardItemView.swift */,
				5FD3604D1CAB7A9A0016D837 /* FlipbookCardItemView.swift */,
				5FB976C71CB24E3700B92A16 /* ResolvedCardItemView.swift */,
			);
			name = "Card Items";
			sourceTree = "<group>";
		};
		5FB2F2471CA20FCB001863C4 /* Utils */ = {
			isa = PBXGroup;
			children = (
				5F29B4C91CB73E8A0060FFD7 /* Elastic */,
				5FB976BB1CB19CF400B92A16 /* UIBarButtonItem+BorderedButton.h */,
				5FB976BC1CB19CF400B92A16 /* UIBarButtonItem+BorderedButton.m */,
				5FD360581CAC70340016D837 /* Pusher.swift */,
				5FD3605A1CAC70BE0016D837 /* Pusher+Firebase.swift */,
				5FD360681CAE16250016D837 /* UICollectionView+UpdateRows.swift */,
				5FD8FE531CA1BEB3006A7191 /* Queues.swift */,
				5FD360391CA4D1490016D837 /* DrawingView.swift */,
				5FB2F25A1CA223C0001863C4 /* Appearance.swift */,
				5F70983B1CA11C5C00B499BC /* CGMath.swift */,
				5FB2F24C1CA21774001863C4 /* NetImageView.swift */,
				5FB2F24A1CA216B4001863C4 /* Assets.swift */,
				5FC84B7A1CA2795100E6F5F7 /* Route.swift */,
				5FB2F2501CA217CF001863C4 /* KeyboardAvoidance.swift */,
				5FB2F24E1CA217A2001863C4 /* UIImage+Resize.swift */,
				5FB2F2541CA21847001863C4 /* NPSoftModalPresentationController.swift */,
				5FB2F2581CA21E1C001863C4 /* String+Substring.swift */,
				5FB2F2561CA2184E001863C4 /* UIColor+Hex.swift */,
				5FB2F25D1CA242FD001863C4 /* CMWindow.h */,
				5FB2F25E1CA242FD001863C4 /* CMWindow.m */,
				5FD360411CA8A5A80016D837 /* CommentsViewController.swift */,
				5FD3604F1CABA1DB0016D837 /* NSAttributedStringExtensions.swift */,
				5FD360511CABB1690016D837 /* NSString+MD5.h */,
				5FD360521CABB1690016D837 /* NSString+MD5.m */,
				5FB976C01CB1C83100B92A16 /* Phony.h */,
				5FB976C11CB1C83100B92A16 /* Phony.m */,
			);
			name = Utils;
			sourceTree = "<group>";
		};
		F826A03134E2FA1475D7E722 /* Pods */ = {
			isa = PBXGroup;
			children = (
				7DB81142E41C3E331744B4FE /* Pods-Computopias.debug.xcconfig */,
				B11492F87339131CB8E639D5 /* Pods-Computopias.release.xcconfig */,
			);
			name = Pods;
			sourceTree = "<group>";
		};
/* End PBXGroup section */

/* Begin PBXNativeTarget section */
		5F7098171CA0EDF600B499BC /* Computopias */ = {
			isa = PBXNativeTarget;
			buildConfigurationList = 5F70982A1CA0EDF600B499BC /* Build configuration list for PBXNativeTarget "Computopias" */;
			buildPhases = (
				ECDE51C854DE22C77568B8A2 /* Check Pods Manifest.lock */,
				5F7098141CA0EDF600B499BC /* Sources */,
				5F7098151CA0EDF600B499BC /* Frameworks */,
				5F7098161CA0EDF600B499BC /* Resources */,
				EBA9308F242519951BEDE586 /* Embed Pods Frameworks */,
				34B9FA3D599783DB609FAADD /* Copy Pods Resources */,
			);
			buildRules = (
			);
			dependencies = (
			);
			name = Computopias;
			productName = Computopias;
			productReference = 5F7098181CA0EDF600B499BC /* Computopias.app */;
			productType = "com.apple.product-type.application";
		};
/* End PBXNativeTarget section */

/* Begin PBXProject section */
		5F7098101CA0EDF600B499BC /* Project object */ = {
			isa = PBXProject;
			attributes = {
				LastSwiftUpdateCheck = 0720;
				LastUpgradeCheck = 0720;
				ORGANIZATIONNAME = "Nate Parrott";
				TargetAttributes = {
					5F7098171CA0EDF600B499BC = {
						CreatedOnToolsVersion = 7.2.1;
						DevelopmentTeam = VPN8ZW6EAC;
					};
				};
			};
			buildConfigurationList = 5F7098131CA0EDF600B499BC /* Build configuration list for PBXProject "Computopias" */;
			compatibilityVersion = "Xcode 3.2";
			developmentRegion = English;
			hasScannedForEncodings = 0;
			knownRegions = (
				en,
				Base,
			);
			mainGroup = 5F70980F1CA0EDF600B499BC;
			productRefGroup = 5F7098191CA0EDF600B499BC /* Products */;
			projectDirPath = "";
			projectRoot = "";
			targets = (
				5F7098171CA0EDF600B499BC /* Computopias */,
			);
		};
/* End PBXProject section */

/* Begin PBXResourcesBuildPhase section */
		5F7098161CA0EDF600B499BC /* Resources */ = {
			isa = PBXResourcesBuildPhase;
			buildActionMask = 2147483647;
			files = (
				5FB976CA1CB30EFB00B92A16 /* DefaultProfile.json in Resources */,
				5F7098261CA0EDF600B499BC /* LaunchScreen.storyboard in Resources */,
				5F7098231CA0EDF600B499BC /* Assets.xcassets in Resources */,
				5F7098211CA0EDF600B499BC /* Main.storyboard in Resources */,
			);
			runOnlyForDeploymentPostprocessing = 0;
		};
/* End PBXResourcesBuildPhase section */

/* Begin PBXShellScriptBuildPhase section */
		34B9FA3D599783DB609FAADD /* Copy Pods Resources */ = {
			isa = PBXShellScriptBuildPhase;
			buildActionMask = 2147483647;
			files = (
			);
			inputPaths = (
			);
			name = "Copy Pods Resources";
			outputPaths = (
			);
			runOnlyForDeploymentPostprocessing = 0;
			shellPath = /bin/sh;
			shellScript = "\"${SRCROOT}/Pods/Target Support Files/Pods-Computopias/Pods-Computopias-resources.sh\"\n";
			showEnvVarsInLog = 0;
		};
		EBA9308F242519951BEDE586 /* Embed Pods Frameworks */ = {
			isa = PBXShellScriptBuildPhase;
			buildActionMask = 2147483647;
			files = (
			);
			inputPaths = (
			);
			name = "Embed Pods Frameworks";
			outputPaths = (
			);
			runOnlyForDeploymentPostprocessing = 0;
			shellPath = /bin/sh;
			shellScript = "\"${SRCROOT}/Pods/Target Support Files/Pods-Computopias/Pods-Computopias-frameworks.sh\"\n";
			showEnvVarsInLog = 0;
		};
		ECDE51C854DE22C77568B8A2 /* Check Pods Manifest.lock */ = {
			isa = PBXShellScriptBuildPhase;
			buildActionMask = 2147483647;
			files = (
			);
			inputPaths = (
			);
			name = "Check Pods Manifest.lock";
			outputPaths = (
			);
			runOnlyForDeploymentPostprocessing = 0;
			shellPath = /bin/sh;
			shellScript = "diff \"${PODS_ROOT}/../Podfile.lock\" \"${PODS_ROOT}/Manifest.lock\" > /dev/null\nif [[ $? != 0 ]] ; then\n    cat << EOM\nerror: The sandbox is not in sync with the Podfile.lock. Run 'pod install' or update your CocoaPods installation.\nEOM\n    exit 1\nfi\n";
			showEnvVarsInLog = 0;
		};
/* End PBXShellScriptBuildPhase section */

/* Begin PBXSourcesBuildPhase section */
		5F7098141CA0EDF600B499BC /* Sources */ = {
			isa = PBXSourcesBuildPhase;
			buildActionMask = 2147483647;
			files = (
				5FB2F24D1CA21774001863C4 /* NetImageView.swift in Sources */,
				5FB976BD1CB19CF400B92A16 /* UIBarButtonItem+BorderedButton.m in Sources */,
				5FB2F25F1CA242FD001863C4 /* CMWindow.m in Sources */,
				5FC84B7D1CA27B0D00E6F5F7 /* ButtonCardItemView.swift in Sources */,
				5FD3605D1CAC72FD0016D837 /* Cards.swift in Sources */,
				5FB976C81CB24E3700B92A16 /* ResolvedCardItemView.swift in Sources */,
				5FD3605B1CAC70BE0016D837 /* Pusher+Firebase.swift in Sources */,
				5F7098361CA115E800B499BC /* CardItemView.swift in Sources */,
				5FD3603A1CA4D1490016D837 /* DrawingView.swift in Sources */,
				5FD360501CABA1DB0016D837 /* NSAttributedStringExtensions.swift in Sources */,
				5FB2F25B1CA223C0001863C4 /* Appearance.swift in Sources */,
				5FB976CE1CB42F7400B92A16 /* CardView+Flag.swift in Sources */,
				5F7098321CA0EEE200B499BC /* Data.swift in Sources */,
				5FB976C21CB1C83100B92A16 /* Phony.m in Sources */,
				5F29B4C51CB73E830060FFD7 /* EVScrollViewWrapper.m in Sources */,
				5F508BFA1CB742ED005BF228 /* ActivityCardStack.swift in Sources */,
				5FB2F2631CA257D2001863C4 /* CounterCardItemView.swift in Sources */,
				5F508C081CB7678E005BF228 /* HashtagCardStack.swift in Sources */,
				5FD360691CAE16250016D837 /* UICollectionView+UpdateRows.swift in Sources */,
				5F29B4C71CB73E830060FFD7 /* EVMotionEffectObserver.m in Sources */,
				5F2925DA1CB8FC9C0096B739 /* GroupEditor.swift in Sources */,
				5F29B4BB1CB73E830060FFD7 /* UIView+Elastic.m in Sources */,
				5FD3604C1CAB7A850016D837 /* RandomContentCardItemView.swift in Sources */,
				5FB2F2531CA2181C001863C4 /* ImageCardItemView.swift in Sources */,
				5F29B4BF1CB73E830060FFD7 /* ElasticReuseQueue.m in Sources */,
				5F29B4C21CB73E830060FFD7 /* EVInterpolation.m in Sources */,
				5F70981C1CA0EDF600B499BC /* AppDelegate.swift in Sources */,
				5F29B4C31CB73E830060FFD7 /* EVCATransform3DInterpolation.m in Sources */,
				5F29B4C01CB73E830060FFD7 /* ElasticRelativeLayout.m in Sources */,
				5F29B4BD1CB73E830060FFD7 /* ElasticValue.m in Sources */,
				5FB2F2651CA2637E001863C4 /* LikeCounterCardItemView.swift in Sources */,
				5FB2F2591CA21E1C001863C4 /* String+Substring.swift in Sources */,
				5F508C061CB75F05005BF228 /* HashtagListView.swift in Sources */,
				5FB2F2611CA254D7001863C4 /* ProfileCardItemView.swift in Sources */,
				5FD3602D1CA331E60016D837 /* MapCardItemView.swift in Sources */,
				5F508C021CB745D3005BF228 /* CardViewWrapper.swift in Sources */,
				5FD3602B1CA320930016D837 /* CountdownCardItemView.swift in Sources */,
				5FD8FE541CA1BEB3006A7191 /* Queues.swift in Sources */,
				5FD360401CA72BED0016D837 /* CommentsCardItemView.swift in Sources */,
				5FD360291CA319940016D837 /* MessageMeCardItemView.swift in Sources */,
				5F29B4BE1CB73E830060FFD7 /* ElasticValueInput.m in Sources */,
				5FD360531CABB1690016D837 /* NSString+MD5.m in Sources */,
				5FB2F24F1CA217A2001863C4 /* UIImage+Resize.swift in Sources */,
				5F29B4C81CB73E830060FFD7 /* EVComplexLayout.m in Sources */,
				5F7098301CA0EEB000B499BC /* CardView.swift in Sources */,
				5FD3603C1CA4D5550016D837 /* DrawingCardItemView.swift in Sources */,
				5F29B49C1CB73E3F0060FFD7 /* CardNavigatorView.swift in Sources */,
				5FD360651CACFD9E0016D837 /* ContactsSync.swift in Sources */,
				5F29B4C11CB73E830060FFD7 /* UIGestureRecognizer+Elastic.m in Sources */,
				5F29B49D1CB73E3F0060FFD7 /* BlockButton.swift in Sources */,
				5FD360351CA3B5590016D837 /* GivePointsCardItemView.swift in Sources */,
				5FC84B7B1CA2795100E6F5F7 /* Route.swift in Sources */,
				5F29B4C61CB73E830060FFD7 /* EVFakeData.m in Sources */,
				5FD360551CAC6E670016D837 /* Users.swift in Sources */,
				5FB2F2551CA21847001863C4 /* NPSoftModalPresentationController.swift in Sources */,
				5F508C0F1CB8E786005BF228 /* FriendListViewController.swift in Sources */,
				5FB2F24B1CA216B4001863C4 /* Assets.swift in Sources */,
				5F29B4CC1CB73FE60060FFD7 /* CardNavigatorViewController.swift in Sources */,
				5F7098381CA1167500B499BC /* TextCardItemView.swift in Sources */,
				5F508C041CB74715005BF228 /* CardFeedStack.swift in Sources */,
				5FD360571CAC6EC40016D837 /* Following.swift in Sources */,
				5FD360591CAC70340016D837 /* Pusher.swift in Sources */,
				5FD360421CA8A5A80016D837 /* CommentsViewController.swift in Sources */,
				5F29B4C41CB73E830060FFD7 /* EVCommon.m in Sources */,
				5FB976BA1CAF292A00B92A16 /* Hashtags.swift in Sources */,
				5FB2F2571CA2184E001863C4 /* UIColor+Hex.swift in Sources */,
				5F508BFE1CB743DC005BF228 /* ActivityFeedSource.swift in Sources */,
				5F70982E1CA0EEA600B499BC /* CardEditor.swift in Sources */,
				5F508C111CB8E78E005BF228 /* FriendListDataSource.swift in Sources */,
				5F29B4BC1CB73E830060FFD7 /* UIView+ElasticLayout.m in Sources */,
				5FB2F2511CA217CF001863C4 /* KeyboardAvoidance.swift in Sources */,
				5FD360631CACECD50016D837 /* StarRatingCardItemView.swift in Sources */,
				5F508BFC1CB74303005BF228 /* CardStack.swift in Sources */,
				5FB976CC1CB42B6900B92A16 /* Flagging.swift in Sources */,
				5FD3604E1CAB7A9A0016D837 /* FlipbookCardItemView.swift in Sources */,
				5F508C0D1CB767FF005BF228 /* HashtagFeedSource.swift in Sources */,
				5F70983C1CA11C5C00B499BC /* CGMath.swift in Sources */,
				5FD360311CA355700016D837 /* SoundCardItemView.swift in Sources */,
			);
			runOnlyForDeploymentPostprocessing = 0;
		};
/* End PBXSourcesBuildPhase section */

/* Begin PBXVariantGroup section */
		5F70981F1CA0EDF600B499BC /* Main.storyboard */ = {
			isa = PBXVariantGroup;
			children = (
				5F7098201CA0EDF600B499BC /* Base */,
			);
			name = Main.storyboard;
			sourceTree = "<group>";
		};
		5F7098241CA0EDF600B499BC /* LaunchScreen.storyboard */ = {
			isa = PBXVariantGroup;
			children = (
				5F7098251CA0EDF600B499BC /* Base */,
			);
			name = LaunchScreen.storyboard;
			sourceTree = "<group>";
		};
/* End PBXVariantGroup section */

/* Begin XCBuildConfiguration section */
		5F7098281CA0EDF600B499BC /* Debug */ = {
			isa = XCBuildConfiguration;
			buildSettings = {
				ALWAYS_SEARCH_USER_PATHS = NO;
				CLANG_CXX_LANGUAGE_STANDARD = "gnu++0x";
				CLANG_CXX_LIBRARY = "libc++";
				CLANG_ENABLE_MODULES = YES;
				CLANG_ENABLE_OBJC_ARC = YES;
				CLANG_WARN_BOOL_CONVERSION = YES;
				CLANG_WARN_CONSTANT_CONVERSION = YES;
				CLANG_WARN_DIRECT_OBJC_ISA_USAGE = YES_ERROR;
				CLANG_WARN_EMPTY_BODY = YES;
				CLANG_WARN_ENUM_CONVERSION = YES;
				CLANG_WARN_INT_CONVERSION = YES;
				CLANG_WARN_OBJC_ROOT_CLASS = YES_ERROR;
				CLANG_WARN_UNREACHABLE_CODE = YES;
				CLANG_WARN__DUPLICATE_METHOD_MATCH = YES;
				"CODE_SIGN_IDENTITY[sdk=iphoneos*]" = "iPhone Developer";
				COPY_PHASE_STRIP = NO;
				DEBUG_INFORMATION_FORMAT = dwarf;
				ENABLE_STRICT_OBJC_MSGSEND = YES;
				ENABLE_TESTABILITY = YES;
				GCC_C_LANGUAGE_STANDARD = gnu99;
				GCC_DYNAMIC_NO_PIC = NO;
				GCC_NO_COMMON_BLOCKS = YES;
				GCC_OPTIMIZATION_LEVEL = 0;
				GCC_PREPROCESSOR_DEFINITIONS = (
					"DEBUG=1",
					"$(inherited)",
				);
				GCC_WARN_64_TO_32_BIT_CONVERSION = YES;
				GCC_WARN_ABOUT_RETURN_TYPE = YES_ERROR;
				GCC_WARN_UNDECLARED_SELECTOR = YES;
				GCC_WARN_UNINITIALIZED_AUTOS = YES_AGGRESSIVE;
				GCC_WARN_UNUSED_FUNCTION = YES;
				GCC_WARN_UNUSED_VARIABLE = YES;
				IPHONEOS_DEPLOYMENT_TARGET = 9.2;
				MTL_ENABLE_DEBUG_INFO = YES;
				ONLY_ACTIVE_ARCH = YES;
				SDKROOT = iphoneos;
				SWIFT_OPTIMIZATION_LEVEL = "-Onone";
				TARGETED_DEVICE_FAMILY = "1,2";
			};
			name = Debug;
		};
		5F7098291CA0EDF600B499BC /* Release */ = {
			isa = XCBuildConfiguration;
			buildSettings = {
				ALWAYS_SEARCH_USER_PATHS = NO;
				CLANG_CXX_LANGUAGE_STANDARD = "gnu++0x";
				CLANG_CXX_LIBRARY = "libc++";
				CLANG_ENABLE_MODULES = YES;
				CLANG_ENABLE_OBJC_ARC = YES;
				CLANG_WARN_BOOL_CONVERSION = YES;
				CLANG_WARN_CONSTANT_CONVERSION = YES;
				CLANG_WARN_DIRECT_OBJC_ISA_USAGE = YES_ERROR;
				CLANG_WARN_EMPTY_BODY = YES;
				CLANG_WARN_ENUM_CONVERSION = YES;
				CLANG_WARN_INT_CONVERSION = YES;
				CLANG_WARN_OBJC_ROOT_CLASS = YES_ERROR;
				CLANG_WARN_UNREACHABLE_CODE = YES;
				CLANG_WARN__DUPLICATE_METHOD_MATCH = YES;
				"CODE_SIGN_IDENTITY[sdk=iphoneos*]" = "iPhone Developer";
				COPY_PHASE_STRIP = NO;
				DEBUG_INFORMATION_FORMAT = "dwarf-with-dsym";
				ENABLE_NS_ASSERTIONS = NO;
				ENABLE_STRICT_OBJC_MSGSEND = YES;
				GCC_C_LANGUAGE_STANDARD = gnu99;
				GCC_NO_COMMON_BLOCKS = YES;
				GCC_WARN_64_TO_32_BIT_CONVERSION = YES;
				GCC_WARN_ABOUT_RETURN_TYPE = YES_ERROR;
				GCC_WARN_UNDECLARED_SELECTOR = YES;
				GCC_WARN_UNINITIALIZED_AUTOS = YES_AGGRESSIVE;
				GCC_WARN_UNUSED_FUNCTION = YES;
				GCC_WARN_UNUSED_VARIABLE = YES;
				IPHONEOS_DEPLOYMENT_TARGET = 9.2;
				MTL_ENABLE_DEBUG_INFO = NO;
				SDKROOT = iphoneos;
				TARGETED_DEVICE_FAMILY = "1,2";
				VALIDATE_PRODUCT = YES;
			};
			name = Release;
		};
		5F70982B1CA0EDF600B499BC /* Debug */ = {
			isa = XCBuildConfiguration;
			baseConfigurationReference = 7DB81142E41C3E331744B4FE /* Pods-Computopias.debug.xcconfig */;
			buildSettings = {
				ASSETCATALOG_COMPILER_APPICON_NAME = AppIcon;
				CLANG_ENABLE_MODULES = YES;
				CODE_SIGN_IDENTITY = "iPhone Developer";
				"CODE_SIGN_IDENTITY[sdk=iphoneos*]" = "iPhone Developer";
				INFOPLIST_FILE = Computopias/Info.plist;
				LD_RUNPATH_SEARCH_PATHS = "$(inherited) @executable_path/Frameworks";
				PRODUCT_BUNDLE_IDENTIFIER = com.nateparrott.Computopias;
				PRODUCT_NAME = "$(TARGET_NAME)";
				PROVISIONING_PROFILE = "";
				SWIFT_OBJC_BRIDGING_HEADER = "Computopias/Computopias-Bridging-Header.h";
				SWIFT_OPTIMIZATION_LEVEL = "-Onone";
				TARGETED_DEVICE_FAMILY = 1;
			};
			name = Debug;
		};
		5F70982C1CA0EDF600B499BC /* Release */ = {
			isa = XCBuildConfiguration;
			baseConfigurationReference = B11492F87339131CB8E639D5 /* Pods-Computopias.release.xcconfig */;
			buildSettings = {
				ASSETCATALOG_COMPILER_APPICON_NAME = AppIcon;
				CLANG_ENABLE_MODULES = YES;
				CODE_SIGN_IDENTITY = "iPhone Developer";
				"CODE_SIGN_IDENTITY[sdk=iphoneos*]" = "iPhone Developer";
				INFOPLIST_FILE = Computopias/Info.plist;
				LD_RUNPATH_SEARCH_PATHS = "$(inherited) @executable_path/Frameworks";
				PRODUCT_BUNDLE_IDENTIFIER = com.nateparrott.Computopias;
				PRODUCT_NAME = "$(TARGET_NAME)";
				PROVISIONING_PROFILE = "";
				SWIFT_OBJC_BRIDGING_HEADER = "Computopias/Computopias-Bridging-Header.h";
				TARGETED_DEVICE_FAMILY = 1;
			};
			name = Release;
		};
/* End XCBuildConfiguration section */

/* Begin XCConfigurationList section */
		5F7098131CA0EDF600B499BC /* Build configuration list for PBXProject "Computopias" */ = {
			isa = XCConfigurationList;
			buildConfigurations = (
				5F7098281CA0EDF600B499BC /* Debug */,
				5F7098291CA0EDF600B499BC /* Release */,
			);
			defaultConfigurationIsVisible = 0;
			defaultConfigurationName = Release;
		};
		5F70982A1CA0EDF600B499BC /* Build configuration list for PBXNativeTarget "Computopias" */ = {
			isa = XCConfigurationList;
			buildConfigurations = (
				5F70982B1CA0EDF600B499BC /* Debug */,
				5F70982C1CA0EDF600B499BC /* Release */,
			);
			defaultConfigurationIsVisible = 0;
			defaultConfigurationName = Release;
		};
/* End XCConfigurationList section */
	};
	rootObject = 5F7098101CA0EDF600B499BC /* Project object */;
}
